// !$*UTF8*$!
{
	archiveVersion = 1;
	classes = {
	};
	objectVersion = 50;
	objects = {

/* Begin PBXBuildFile section */
		6073163A26046BF900DA9616 /* AppDelegate.swift in Sources */ = {isa = PBXBuildFile; fileRef = 6073163926046BF900DA9616 /* AppDelegate.swift */; };
		6073163C26046BF900DA9616 /* SceneDelegate.swift in Sources */ = {isa = PBXBuildFile; fileRef = 6073163B26046BF900DA9616 /* SceneDelegate.swift */; };
		6073163E26046BF900DA9616 /* ContentView.swift in Sources */ = {isa = PBXBuildFile; fileRef = 6073163D26046BF900DA9616 /* ContentView.swift */; };
		6073164026046BFA00DA9616 /* Assets.xcassets in Resources */ = {isa = PBXBuildFile; fileRef = 6073163F26046BFA00DA9616 /* Assets.xcassets */; };
		6073164326046BFA00DA9616 /* Preview Assets.xcassets in Resources */ = {isa = PBXBuildFile; fileRef = 6073164226046BFA00DA9616 /* Preview Assets.xcassets */; };
		6073164626046BFA00DA9616 /* LaunchScreen.storyboard in Resources */ = {isa = PBXBuildFile; fileRef = 6073164426046BFA00DA9616 /* LaunchScreen.storyboard */; };
		6073165126046BFB00DA9616 /* GenericDemoTests.swift in Sources */ = {isa = PBXBuildFile; fileRef = 6073165026046BFB00DA9616 /* GenericDemoTests.swift */; };
		6073165C26046BFB00DA9616 /* GenericDemoUITests.swift in Sources */ = {isa = PBXBuildFile; fileRef = 6073165B26046BFB00DA9616 /* GenericDemoUITests.swift */; };
/* End PBXBuildFile section */

/* Begin PBXContainerItemProxy section */
		6073164D26046BFB00DA9616 /* PBXContainerItemProxy */ = {
			isa = PBXContainerItemProxy;
			containerPortal = 6073162E26046BF900DA9616 /* Project object */;
			proxyType = 1;
			remoteGlobalIDString = 6073163526046BF900DA9616;
			remoteInfo = GenericDemo;
		};
		6073165826046BFB00DA9616 /* PBXContainerItemProxy */ = {
			isa = PBXContainerItemProxy;
			containerPortal = 6073162E26046BF900DA9616 /* Project object */;
			proxyType = 1;
			remoteGlobalIDString = 6073163526046BF900DA9616;
			remoteInfo = GenericDemo;
		};
/* End PBXContainerItemProxy section */

/* Begin PBXFileReference section */
		6073163626046BF900DA9616 /* GenericDemo.app */ = {isa = PBXFileReference; explicitFileType = wrapper.application; includeInIndex = 0; path = GenericDemo.app; sourceTree = BUILT_PRODUCTS_DIR; };
		6073163926046BF900DA9616 /* AppDelegate.swift */ = {isa = PBXFileReference; lastKnownFileType = sourcecode.swift; path = AppDelegate.swift; sourceTree = "<group>"; };
		6073163B26046BF900DA9616 /* SceneDelegate.swift */ = {isa = PBXFileReference; lastKnownFileType = sourcecode.swift; path = SceneDelegate.swift; sourceTree = "<group>"; };
		6073163D26046BF900DA9616 /* ContentView.swift */ = {isa = PBXFileReference; lastKnownFileType = sourcecode.swift; path = ContentView.swift; sourceTree = "<group>"; };
		6073163F26046BFA00DA9616 /* Assets.xcassets */ = {isa = PBXFileReference; lastKnownFileType = folder.assetcatalog; path = Assets.xcassets; sourceTree = "<group>"; };
		6073164226046BFA00DA9616 /* Preview Assets.xcassets */ = {isa = PBXFileReference; lastKnownFileType = folder.assetcatalog; path = "Preview Assets.xcassets"; sourceTree = "<group>"; };
		6073164526046BFA00DA9616 /* Base */ = {isa = PBXFileReference; lastKnownFileType = file.storyboard; name = Base; path = Base.lproj/LaunchScreen.storyboard; sourceTree = "<group>"; };
		6073164726046BFA00DA9616 /* Info.plist */ = {isa = PBXFileReference; lastKnownFileType = text.plist.xml; path = Info.plist; sourceTree = "<group>"; };
		6073164C26046BFB00DA9616 /* GenericDemoTests.xctest */ = {isa = PBXFileReference; explicitFileType = wrapper.cfbundle; includeInIndex = 0; path = GenericDemoTests.xctest; sourceTree = BUILT_PRODUCTS_DIR; };
		6073165026046BFB00DA9616 /* GenericDemoTests.swift */ = {isa = PBXFileReference; lastKnownFileType = sourcecode.swift; path = GenericDemoTests.swift; sourceTree = "<group>"; };
		6073165226046BFB00DA9616 /* Info.plist */ = {isa = PBXFileReference; lastKnownFileType = text.plist.xml; path = Info.plist; sourceTree = "<group>"; };
		6073165726046BFB00DA9616 /* GenericDemoUITests.xctest */ = {isa = PBXFileReference; explicitFileType = wrapper.cfbundle; includeInIndex = 0; path = GenericDemoUITests.xctest; sourceTree = BUILT_PRODUCTS_DIR; };
		6073165B26046BFB00DA9616 /* GenericDemoUITests.swift */ = {isa = PBXFileReference; lastKnownFileType = sourcecode.swift; path = GenericDemoUITests.swift; sourceTree = "<group>"; };
		6073165D26046BFB00DA9616 /* Info.plist */ = {isa = PBXFileReference; lastKnownFileType = text.plist.xml; path = Info.plist; sourceTree = "<group>"; };
/* End PBXFileReference section */

/* Begin PBXFrameworksBuildPhase section */
		6073163326046BF900DA9616 /* Frameworks */ = {
			isa = PBXFrameworksBuildPhase;
			buildActionMask = 2147483647;
			files = (
			);
			runOnlyForDeploymentPostprocessing = 0;
		};
		6073164926046BFB00DA9616 /* Frameworks */ = {
			isa = PBXFrameworksBuildPhase;
			buildActionMask = 2147483647;
			files = (
			);
			runOnlyForDeploymentPostprocessing = 0;
		};
		6073165426046BFB00DA9616 /* Frameworks */ = {
			isa = PBXFrameworksBuildPhase;
			buildActionMask = 2147483647;
			files = (
			);
			runOnlyForDeploymentPostprocessing = 0;
		};
/* End PBXFrameworksBuildPhase section */

/* Begin PBXGroup section */
		6073162D26046BF900DA9616 = {
			isa = PBXGroup;
			children = (
				6073163826046BF900DA9616 /* GenericDemo */,
				6073164F26046BFB00DA9616 /* GenericDemoTests */,
				6073165A26046BFB00DA9616 /* GenericDemoUITests */,
				6073163726046BF900DA9616 /* Products */,
			);
			sourceTree = "<group>";
		};
		6073163726046BF900DA9616 /* Products */ = {
			isa = PBXGroup;
			children = (
				6073163626046BF900DA9616 /* GenericDemo.app */,
				6073164C26046BFB00DA9616 /* GenericDemoTests.xctest */,
				6073165726046BFB00DA9616 /* GenericDemoUITests.xctest */,
			);
			name = Products;
			sourceTree = "<group>";
		};
		6073163826046BF900DA9616 /* GenericDemo */ = {
			isa = PBXGroup;
			children = (
				6073163926046BF900DA9616 /* AppDelegate.swift */,
				6073163B26046BF900DA9616 /* SceneDelegate.swift */,
				6073163D26046BF900DA9616 /* ContentView.swift */,
				6073163F26046BFA00DA9616 /* Assets.xcassets */,
				6073164426046BFA00DA9616 /* LaunchScreen.storyboard */,
				6073164726046BFA00DA9616 /* Info.plist */,
				6073164126046BFA00DA9616 /* Preview Content */,
			);
			path = GenericDemo;
			sourceTree = "<group>";
		};
		6073164126046BFA00DA9616 /* Preview Content */ = {
			isa = PBXGroup;
			children = (
				6073164226046BFA00DA9616 /* Preview Assets.xcassets */,
			);
			path = "Preview Content";
			sourceTree = "<group>";
		};
		6073164F26046BFB00DA9616 /* GenericDemoTests */ = {
			isa = PBXGroup;
			children = (
				6073165026046BFB00DA9616 /* GenericDemoTests.swift */,
				6073165226046BFB00DA9616 /* Info.plist */,
			);
			path = GenericDemoTests;
			sourceTree = "<group>";
		};
		6073165A26046BFB00DA9616 /* GenericDemoUITests */ = {
			isa = PBXGroup;
			children = (
				6073165B26046BFB00DA9616 /* GenericDemoUITests.swift */,
				6073165D26046BFB00DA9616 /* Info.plist */,
			);
			path = GenericDemoUITests;
			sourceTree = "<group>";
		};
/* End PBXGroup section */

/* Begin PBXNativeTarget section */
		6073163526046BF900DA9616 /* GenericDemo */ = {
			isa = PBXNativeTarget;
			buildConfigurationList = 6073166026046BFB00DA9616 /* Build configuration list for PBXNativeTarget "GenericDemo" */;
			buildPhases = (
				6073163226046BF900DA9616 /* Sources */,
				6073163326046BF900DA9616 /* Frameworks */,
				6073163426046BF900DA9616 /* Resources */,
			);
			buildRules = (
			);
			dependencies = (
			);
			name = GenericDemo;
			productName = GenericDemo;
			productReference = 6073163626046BF900DA9616 /* GenericDemo.app */;
			productType = "com.apple.product-type.application";
		};
		6073164B26046BFB00DA9616 /* GenericDemoTests */ = {
			isa = PBXNativeTarget;
			buildConfigurationList = 6073166326046BFB00DA9616 /* Build configuration list for PBXNativeTarget "GenericDemoTests" */;
			buildPhases = (
				6073164826046BFB00DA9616 /* Sources */,
				6073164926046BFB00DA9616 /* Frameworks */,
				6073164A26046BFB00DA9616 /* Resources */,
			);
			buildRules = (
			);
			dependencies = (
				6073164E26046BFB00DA9616 /* PBXTargetDependency */,
			);
			name = GenericDemoTests;
			productName = GenericDemoTests;
			productReference = 6073164C26046BFB00DA9616 /* GenericDemoTests.xctest */;
			productType = "com.apple.product-type.bundle.unit-test";
		};
		6073165626046BFB00DA9616 /* GenericDemoUITests */ = {
			isa = PBXNativeTarget;
			buildConfigurationList = 6073166626046BFB00DA9616 /* Build configuration list for PBXNativeTarget "GenericDemoUITests" */;
			buildPhases = (
				6073165326046BFB00DA9616 /* Sources */,
				6073165426046BFB00DA9616 /* Frameworks */,
				6073165526046BFB00DA9616 /* Resources */,
			);
			buildRules = (
			);
			dependencies = (
				6073165926046BFB00DA9616 /* PBXTargetDependency */,
			);
			name = GenericDemoUITests;
			productName = GenericDemoUITests;
			productReference = 6073165726046BFB00DA9616 /* GenericDemoUITests.xctest */;
			productType = "com.apple.product-type.bundle.ui-testing";
		};
/* End PBXNativeTarget section */

/* Begin PBXProject section */
		6073162E26046BF900DA9616 /* Project object */ = {
			isa = PBXProject;
			attributes = {
				LastSwiftUpdateCheck = 1210;
				LastUpgradeCheck = 1210;
				TargetAttributes = {
					6073163526046BF900DA9616 = {
						CreatedOnToolsVersion = 12.1;
					};
					6073164B26046BFB00DA9616 = {
						CreatedOnToolsVersion = 12.1;
						TestTargetID = 6073163526046BF900DA9616;
					};
					6073165626046BFB00DA9616 = {
						CreatedOnToolsVersion = 12.1;
						TestTargetID = 6073163526046BF900DA9616;
					};
				};
			};
			buildConfigurationList = 6073163126046BF900DA9616 /* Build configuration list for PBXProject "GenericDemo" */;
			compatibilityVersion = "Xcode 9.3";
			developmentRegion = en;
			hasScannedForEncodings = 0;
			knownRegions = (
				en,
				Base,
			);
			mainGroup = 6073162D26046BF900DA9616;
			productRefGroup = 6073163726046BF900DA9616 /* Products */;
			projectDirPath = "";
			projectRoot = "";
			targets = (
				6073163526046BF900DA9616 /* GenericDemo */,
				6073164B26046BFB00DA9616 /* GenericDemoTests */,
				6073165626046BFB00DA9616 /* GenericDemoUITests */,
			);
		};
/* End PBXProject section */

/* Begin PBXResourcesBuildPhase section */
		6073163426046BF900DA9616 /* Resources */ = {
			isa = PBXResourcesBuildPhase;
			buildActionMask = 2147483647;
			files = (
				6073164626046BFA00DA9616 /* LaunchScreen.storyboard in Resources */,
				6073164326046BFA00DA9616 /* Preview Assets.xcassets in Resources */,
				6073164026046BFA00DA9616 /* Assets.xcassets in Resources */,
			);
			runOnlyForDeploymentPostprocessing = 0;
		};
		6073164A26046BFB00DA9616 /* Resources */ = {
			isa = PBXResourcesBuildPhase;
			buildActionMask = 2147483647;
			files = (
			);
			runOnlyForDeploymentPostprocessing = 0;
		};
		6073165526046BFB00DA9616 /* Resources */ = {
			isa = PBXResourcesBuildPhase;
			buildActionMask = 2147483647;
			files = (
			);
			runOnlyForDeploymentPostprocessing = 0;
		};
/* End PBXResourcesBuildPhase section */

/* Begin PBXSourcesBuildPhase section */
		6073163226046BF900DA9616 /* Sources */ = {
			isa = PBXSourcesBuildPhase;
			buildActionMask = 2147483647;
			files = (
				6073163A26046BF900DA9616 /* AppDelegate.swift in Sources */,
				6073163C26046BF900DA9616 /* SceneDelegate.swift in Sources */,
				6073163E26046BF900DA9616 /* ContentView.swift in Sources */,
			);
			runOnlyForDeploymentPostprocessing = 0;
		};
		6073164826046BFB00DA9616 /* Sources */ = {
			isa = PBXSourcesBuildPhase;
			buildActionMask = 2147483647;
			files = (
				6073165126046BFB00DA9616 /* GenericDemoTests.swift in Sources */,
			);
			runOnlyForDeploymentPostprocessing = 0;
		};
		6073165326046BFB00DA9616 /* Sources */ = {
			isa = PBXSourcesBuildPhase;
			buildActionMask = 2147483647;
			files = (
				6073165C26046BFB00DA9616 /* GenericDemoUITests.swift in Sources */,
			);
			runOnlyForDeploymentPostprocessing = 0;
		};
/* End PBXSourcesBuildPhase section */

/* Begin PBXTargetDependency section */
		6073164E26046BFB00DA9616 /* PBXTargetDependency */ = {
			isa = PBXTargetDependency;
			target = 6073163526046BF900DA9616 /* GenericDemo */;
			targetProxy = 6073164D26046BFB00DA9616 /* PBXContainerItemProxy */;
		};
		6073165926046BFB00DA9616 /* PBXTargetDependency */ = {
			isa = PBXTargetDependency;
			target = 6073163526046BF900DA9616 /* GenericDemo */;
			targetProxy = 6073165826046BFB00DA9616 /* PBXContainerItemProxy */;
		};
/* End PBXTargetDependency section */

/* Begin PBXVariantGroup section */
		6073164426046BFA00DA9616 /* LaunchScreen.storyboard */ = {
			isa = PBXVariantGroup;
			children = (
				6073164526046BFA00DA9616 /* Base */,
			);
			name = LaunchScreen.storyboard;
			sourceTree = "<group>";
		};
/* End PBXVariantGroup section */

/* Begin XCBuildConfiguration section */
		6073165E26046BFB00DA9616 /* Debug */ = {
			isa = XCBuildConfiguration;
			buildSettings = {
				ALWAYS_SEARCH_USER_PATHS = NO;
				CLANG_ANALYZER_NONNULL = YES;
				CLANG_ANALYZER_NUMBER_OBJECT_CONVERSION = YES_AGGRESSIVE;
				CLANG_CXX_LANGUAGE_STANDARD = "gnu++14";
				CLANG_CXX_LIBRARY = "libc++";
				CLANG_ENABLE_MODULES = YES;
				CLANG_ENABLE_OBJC_ARC = YES;
				CLANG_ENABLE_OBJC_WEAK = YES;
				CLANG_WARN_BLOCK_CAPTURE_AUTORELEASING = YES;
				CLANG_WARN_BOOL_CONVERSION = YES;
				CLANG_WARN_COMMA = YES;
				CLANG_WARN_CONSTANT_CONVERSION = YES;
				CLANG_WARN_DEPRECATED_OBJC_IMPLEMENTATIONS = YES;
				CLANG_WARN_DIRECT_OBJC_ISA_USAGE = YES_ERROR;
				CLANG_WARN_DOCUMENTATION_COMMENTS = YES;
				CLANG_WARN_EMPTY_BODY = YES;
				CLANG_WARN_ENUM_CONVERSION = YES;
				CLANG_WARN_INFINITE_RECURSION = YES;
				CLANG_WARN_INT_CONVERSION = YES;
				CLANG_WARN_NON_LITERAL_NULL_CONVERSION = YES;
				CLANG_WARN_OBJC_IMPLICIT_RETAIN_SELF = YES;
				CLANG_WARN_OBJC_LITERAL_CONVERSION = YES;
				CLANG_WARN_OBJC_ROOT_CLASS = YES_ERROR;
				CLANG_WARN_QUOTED_INCLUDE_IN_FRAMEWORK_HEADER = YES;
				CLANG_WARN_RANGE_LOOP_ANALYSIS = YES;
				CLANG_WARN_STRICT_PROTOTYPES = YES;
				CLANG_WARN_SUSPICIOUS_MOVE = YES;
				CLANG_WARN_UNGUARDED_AVAILABILITY = YES_AGGRESSIVE;
				CLANG_WARN_UNREACHABLE_CODE = YES;
				CLANG_WARN__DUPLICATE_METHOD_MATCH = YES;
				COPY_PHASE_STRIP = NO;
				DEBUG_INFORMATION_FORMAT = dwarf;
				ENABLE_STRICT_OBJC_MSGSEND = YES;
				ENABLE_TESTABILITY = YES;
				GCC_C_LANGUAGE_STANDARD = gnu11;
				GCC_DYNAMIC_NO_PIC = NO;
				GCC_NO_COMMON_BLOCKS = YES;
				GCC_OPTIMIZATION_LEVEL = 0;
				GCC_PREPROCESSOR_DEFINITIONS = (
					"DEBUG=1",
					"$(inherited)",
				);
				GCC_WARN_64_TO_32_BIT_CONVERSION = YES;
				GCC_WARN_ABOUT_RETURN_TYPE = YES_ERROR;
				GCC_WARN_UNDECLARED_SELECTOR = YES;
				GCC_WARN_UNINITIALIZED_AUTOS = YES_AGGRESSIVE;
				GCC_WARN_UNUSED_FUNCTION = YES;
				GCC_WARN_UNUSED_VARIABLE = YES;
				IPHONEOS_DEPLOYMENT_TARGET = 14.1;
				MTL_ENABLE_DEBUG_INFO = INCLUDE_SOURCE;
				MTL_FAST_MATH = YES;
				ONLY_ACTIVE_ARCH = YES;
				SDKROOT = iphoneos;
				SWIFT_ACTIVE_COMPILATION_CONDITIONS = DEBUG;
				SWIFT_OPTIMIZATION_LEVEL = "-Onone";
			};
			name = Debug;
		};
		6073165F26046BFB00DA9616 /* Release */ = {
			isa = XCBuildConfiguration;
			buildSettings = {
				ALWAYS_SEARCH_USER_PATHS = NO;
				CLANG_ANALYZER_NONNULL = YES;
				CLANG_ANALYZER_NUMBER_OBJECT_CONVERSION = YES_AGGRESSIVE;
				CLANG_CXX_LANGUAGE_STANDARD = "gnu++14";
				CLANG_CXX_LIBRARY = "libc++";
				CLANG_ENABLE_MODULES = YES;
				CLANG_ENABLE_OBJC_ARC = YES;
				CLANG_ENABLE_OBJC_WEAK = YES;
				CLANG_WARN_BLOCK_CAPTURE_AUTORELEASING = YES;
				CLANG_WARN_BOOL_CONVERSION = YES;
				CLANG_WARN_COMMA = YES;
				CLANG_WARN_CONSTANT_CONVERSION = YES;
				CLANG_WARN_DEPRECATED_OBJC_IMPLEMENTATIONS = YES;
				CLANG_WARN_DIRECT_OBJC_ISA_USAGE = YES_ERROR;
				CLANG_WARN_DOCUMENTATION_COMMENTS = YES;
				CLANG_WARN_EMPTY_BODY = YES;
				CLANG_WARN_ENUM_CONVERSION = YES;
				CLANG_WARN_INFINITE_RECURSION = YES;
				CLANG_WARN_INT_CONVERSION = YES;
				CLANG_WARN_NON_LITERAL_NULL_CONVERSION = YES;
				CLANG_WARN_OBJC_IMPLICIT_RETAIN_SELF = YES;
				CLANG_WARN_OBJC_LITERAL_CONVERSION = YES;
				CLANG_WARN_OBJC_ROOT_CLASS = YES_ERROR;
				CLANG_WARN_QUOTED_INCLUDE_IN_FRAMEWORK_HEADER = YES;
				CLANG_WARN_RANGE_LOOP_ANALYSIS = YES;
				CLANG_WARN_STRICT_PROTOTYPES = YES;
				CLANG_WARN_SUSPICIOUS_MOVE = YES;
				CLANG_WARN_UNGUARDED_AVAILABILITY = YES_AGGRESSIVE;
				CLANG_WARN_UNREACHABLE_CODE = YES;
				CLANG_WARN__DUPLICATE_METHOD_MATCH = YES;
				COPY_PHASE_STRIP = NO;
				DEBUG_INFORMATION_FORMAT = "dwarf-with-dsym";
				ENABLE_NS_ASSERTIONS = NO;
				ENABLE_STRICT_OBJC_MSGSEND = YES;
				GCC_C_LANGUAGE_STANDARD = gnu11;
				GCC_NO_COMMON_BLOCKS = YES;
				GCC_WARN_64_TO_32_BIT_CONVERSION = YES;
				GCC_WARN_ABOUT_RETURN_TYPE = YES_ERROR;
				GCC_WARN_UNDECLARED_SELECTOR = YES;
				GCC_WARN_UNINITIALIZED_AUTOS = YES_AGGRESSIVE;
				GCC_WARN_UNUSED_FUNCTION = YES;
				GCC_WARN_UNUSED_VARIABLE = YES;
				IPHONEOS_DEPLOYMENT_TARGET = 14.1;
				MTL_ENABLE_DEBUG_INFO = NO;
				MTL_FAST_MATH = YES;
				SDKROOT = iphoneos;
				SWIFT_COMPILATION_MODE = wholemodule;
				SWIFT_OPTIMIZATION_LEVEL = "-O";
				VALIDATE_PRODUCT = YES;
			};
			name = Release;
		};
		6073166126046BFB00DA9616 /* Debug */ = {
			isa = XCBuildConfiguration;
			buildSettings = {
				ASSETCATALOG_COMPILER_APPICON_NAME = AppIcon;
				ASSETCATALOG_COMPILER_GLOBAL_ACCENT_COLOR_NAME = AccentColor;
				CODE_SIGN_STYLE = Automatic;
				DEVELOPMENT_ASSET_PATHS = "\"GenericDemo/Preview Content\"";
				DEVELOPMENT_TEAM = DD73F8592Z;
				ENABLE_PREVIEWS = YES;
				INFOPLIST_FILE = GenericDemo/Info.plist;
				LD_RUNPATH_SEARCH_PATHS = (
					"$(inherited)",
					"@executable_path/Frameworks",
				);
				PRODUCT_BUNDLE_IDENTIFIER = knoxpo.GenericDemo;
				PRODUCT_NAME = "$(TARGET_NAME)";
				SWIFT_VERSION = 5.0;
				TARGETED_DEVICE_FAMILY = "1,2";
			};
			name = Debug;
		};
		6073166226046BFB00DA9616 /* Release */ = {
			isa = XCBuildConfiguration;
			buildSettings = {
				ASSETCATALOG_COMPILER_APPICON_NAME = AppIcon;
				ASSETCATALOG_COMPILER_GLOBAL_ACCENT_COLOR_NAME = AccentColor;
				CODE_SIGN_STYLE = Automatic;
				DEVELOPMENT_ASSET_PATHS = "\"GenericDemo/Preview Content\"";
				DEVELOPMENT_TEAM = DD73F8592Z;
				ENABLE_PREVIEWS = YES;
				INFOPLIST_FILE = GenericDemo/Info.plist;
				LD_RUNPATH_SEARCH_PATHS = (
					"$(inherited)",
					"@executable_path/Frameworks",
				);
				PRODUCT_BUNDLE_IDENTIFIER = knoxpo.GenericDemo;
				PRODUCT_NAME = "$(TARGET_NAME)";
				SWIFT_VERSION = 5.0;
				TARGETED_DEVICE_FAMILY = "1,2";
			};
			name = Release;
		};
		6073166426046BFB00DA9616 /* Debug */ = {
			isa = XCBuildConfiguration;
			buildSettings = {
				ALWAYS_EMBED_SWIFT_STANDARD_LIBRARIES = YES;
				BUNDLE_LOADER = "$(TEST_HOST)";
				CODE_SIGN_STYLE = Automatic;
				DEVELOPMENT_TEAM = DD73F8592Z;
				INFOPLIST_FILE = GenericDemoTests/Info.plist;
				IPHONEOS_DEPLOYMENT_TARGET = 14.1;
				LD_RUNPATH_SEARCH_PATHS = (
					"$(inherited)",
					"@executable_path/Frameworks",
					"@loader_path/Frameworks",
				);
				PRODUCT_BUNDLE_IDENTIFIER = knoxpo.GenericDemoTests;
				PRODUCT_NAME = "$(TARGET_NAME)";
				SWIFT_VERSION = 5.0;
				TARGETED_DEVICE_FAMILY = "1,2";
				TEST_HOST = "$(BUILT_PRODUCTS_DIR)/GenericDemo.app/GenericDemo";
			};
			name = Debug;
		};
		6073166526046BFB00DA9616 /* Release */ = {
			isa = XCBuildConfiguration;
			buildSettings = {
				ALWAYS_EMBED_SWIFT_STANDARD_LIBRARIES = YES;
				BUNDLE_LOADER = "$(TEST_HOST)";
				CODE_SIGN_STYLE = Automatic;
				DEVELOPMENT_TEAM = DD73F8592Z;
				INFOPLIST_FILE = GenericDemoTests/Info.plist;
				IPHONEOS_DEPLOYMENT_TARGET = 14.1;
				LD_RUNPATH_SEARCH_PATHS = (
					"$(inherited)",
					"@executable_path/Frameworks",
					"@loader_path/Frameworks",
				);
				PRODUCT_BUNDLE_IDENTIFIER = knoxpo.GenericDemoTests;
				PRODUCT_NAME = "$(TARGET_NAME)";
				SWIFT_VERSION = 5.0;
				TARGETED_DEVICE_FAMILY = "1,2";
				TEST_HOST = "$(BUILT_PRODUCTS_DIR)/GenericDemo.app/GenericDemo";
			};
			name = Release;
		};
		6073166726046BFB00DA9616 /* Debug */ = {
			isa = XCBuildConfiguration;
			buildSettings = {
				ALWAYS_EMBED_SWIFT_STANDARD_LIBRARIES = YES;
				CODE_SIGN_STYLE = Automatic;
				DEVELOPMENT_TEAM = DD73F8592Z;
				INFOPLIST_FILE = GenericDemoUITests/Info.plist;
				LD_RUNPATH_SEARCH_PATHS = (
					"$(inherited)",
					"@executable_path/Frameworks",
					"@loader_path/Frameworks",
				);
				PRODUCT_BUNDLE_IDENTIFIER = knoxpo.GenericDemoUITests;
				PRODUCT_NAME = "$(TARGET_NAME)";
				SWIFT_VERSION = 5.0;
				TARGETED_DEVICE_FAMILY = "1,2";
				TEST_TARGET_NAME = GenericDemo;
			};
			name = Debug;
		};
		6073166826046BFB00DA9616 /* Release */ = {
			isa = XCBuildConfiguration;
			buildSettings = {
				ALWAYS_EMBED_SWIFT_STANDARD_LIBRARIES = YES;
				CODE_SIGN_STYLE = Automatic;
				DEVELOPMENT_TEAM = DD73F8592Z;
				INFOPLIST_FILE = GenericDemoUITests/Info.plist;
				LD_RUNPATH_SEARCH_PATHS = (
					"$(inherited)",
					"@executable_path/Frameworks",
					"@loader_path/Frameworks",
				);
				PRODUCT_BUNDLE_IDENTIFIER = knoxpo.GenericDemoUITests;
				PRODUCT_NAME = "$(TARGET_NAME)";
				SWIFT_VERSION = 5.0;
				TARGETED_DEVICE_FAMILY = "1,2";
				TEST_TARGET_NAME = GenericDemo;
			};
			name = Release;
		};
/* End XCBuildConfiguration section */

/* Begin XCConfigurationList section */
		6073163126046BF900DA9616 /* Build configuration list for PBXProject "GenericDemo" */ = {
			isa = XCConfigurationList;
			buildConfigurations = (
				6073165E26046BFB00DA9616 /* Debug */,
				6073165F26046BFB00DA9616 /* Release */,
			);
			defaultConfigurationIsVisible = 0;
			defaultConfigurationName = Release;
		};
		6073166026046BFB00DA9616 /* Build configuration list for PBXNativeTarget "GenericDemo" */ = {
			isa = XCConfigurationList;
			buildConfigurations = (
				6073166126046BFB00DA9616 /* Debug */,
				6073166226046BFB00DA9616 /* Release */,
			);
			defaultConfigurationIsVisible = 0;
			defaultConfigurationName = Release;
		};
		6073166326046BFB00DA9616 /* Build configuration list for PBXNativeTarget "GenericDemoTests" */ = {
			isa = XCConfigurationList;
			buildConfigurations = (
				6073166426046BFB00DA9616 /* Debug */,
				6073166526046BFB00DA9616 /* Release */,
			);
			defaultConfigurationIsVisible = 0;
			defaultConfigurationName = Release;
		};
		6073166626046BFB00DA9616 /* Build configuration list for PBXNativeTarget "GenericDemoUITests" */ = {
			isa = XCConfigurationList;
			buildConfigurations = (
				6073166726046BFB00DA9616 /* Debug */,
				6073166826046BFB00DA9616 /* Release */,
			);
			defaultConfigurationIsVisible = 0;
			defaultConfigurationName = Release;
		};
/* End XCConfigurationList section */
	};
	rootObject = 6073162E26046BF900DA9616 /* Project object */;
}
